
Microsoft Visual Studio Solution File, Format Version 12.00
# Visual Studio Version 16
VisualStudioVersion = 16.0.29806.167
MinimumVisualStudioVersion = 10.0.40219.1
Project("{FAE04EC0-301F-11D3-BF4B-00C04F79EFBC}") = "ConsoleApp1", "ConsoleApp1\ConsoleApp1.csproj", "{FF298C7C-3BE0-4C65-A002-1681FA9E0B6F}"
EndProject
Project("{FAE04EC0-301F-11D3-BF4B-00C04F79EFBC}") = "WindowsFormsApp1", "WindowsFormsApp1\WindowsFormsApp1.csproj", "{980BF675-1251-4F32-96E4-712257E4468A}"
EndProject
Global
	GlobalSection(SolutionConfigurationPlatforms) = preSolution
		Debug|Any CPU = Debug|Any CPU
		Release|Any CPU = Release|Any CPU
	EndGlobalSection
	GlobalSection(ProjectConfigurationPlatforms) = postSolution
		{FF298C7C-3BE0-4C65-A002-1681FA9E0B6F}.Debug|Any CPU.ActiveCfg = Debug|Any CPU
		{FF298C7C-3BE0-4C65-A002-1681FA9E0B6F}.Debug|Any CPU.Build.0 = Debug|Any CPU
		{FF298C7C-3BE0-4C65-A002-1681FA9E0B6F}.Release|Any CPU.ActiveCfg = Release|Any CPU
		{FF298C7C-3BE0-4C65-A002-1681FA9E0B6F}.Release|Any CPU.Build.0 = Release|Any CPU
		{980BF675-1251-4F32-96E4-712257E4468A}.Debug|Any CPU.ActiveCfg = Debug|Any CPU
		{980BF675-1251-4F32-96E4-712257E4468A}.Debug|Any CPU.Build.0 = Debug|Any CPU
		{980BF675-1251-4F32-96E4-712257E4468A}.Release|Any CPU.ActiveCfg = Release|Any CPU
		{980BF675-1251-4F32-96E4-712257E4468A}.Release|Any CPU.Build.0 = Release|Any CPU
	EndGlobalSection
	GlobalSection(SolutionProperties) = preSolution
		HideSolutionNode = FALSE
	EndGlobalSection
	GlobalSection(ExtensibilityGlobals) = postSolution
		SolutionGuid = {9C941D4B-DC69-4BC0-8751-67D9A6D44409}
	EndGlobalSection
EndGlobal
