
Microsoft Visual Studio Solution File, Format Version 12.00
# Visual Studio Version 16
VisualStudioVersion = 16.0.30002.166
MinimumVisualStudioVersion = 10.0.40219.1
Project("{FAE04EC0-301F-11D3-BF4B-00C04F79EFBC}") = "WindowsFormsApp1", "WindowsFormsApp1\WindowsFormsApp1.csproj", "{AE5F6B6F-C289-48E2-BBAE-37FA90A7CE97}"
EndProject
Global
	GlobalSection(SolutionConfigurationPlatforms) = preSolution
		Debug|Any CPU = Debug|Any CPU
		Release|Any CPU = Release|Any CPU
	EndGlobalSection
	GlobalSection(ProjectConfigurationPlatforms) = postSolution
		{AE5F6B6F-C289-48E2-BBAE-37FA90A7CE97}.Debug|Any CPU.ActiveCfg = Debug|Any CPU
		{AE5F6B6F-C289-48E2-BBAE-37FA90A7CE97}.Debug|Any CPU.Build.0 = Debug|Any CPU
		{AE5F6B6F-C289-48E2-BBAE-37FA90A7CE97}.Release|Any CPU.ActiveCfg = Release|Any CPU
		{AE5F6B6F-C289-48E2-BBAE-37FA90A7CE97}.Release|Any CPU.Build.0 = Release|Any CPU
	EndGlobalSection
	GlobalSection(SolutionProperties) = preSolution
		HideSolutionNode = FALSE
	EndGlobalSection
	GlobalSection(ExtensibilityGlobals) = postSolution
		SolutionGuid = {F8D3C329-DC7E-4763-ACA9-A03329CD941D}
	EndGlobalSection
EndGlobal
